
Microsoft Visual Studio Solution File, Format Version 12.00
# Visual Studio Version 16
VisualStudioVersion = 16.0.30114.105
MinimumVisualStudioVersion = 10.0.40219.1
Project("{FAE04EC0-301F-11D3-BF4B-00C04F79EFBC}") = "WeatherAPI-CSharp", "WeatherAPI-CSharp\WeatherAPI-CSharp.csproj", "{3B3BF9CF-4967-4962-85F6-485DF68FFB9D}"
EndProject
Project("{FAE04EC0-301F-11D3-BF4B-00C04F79EFBC}") = "WeatherAPI-CSharp.Example", "WeatherAPI-CSharp.Example\WeatherAPI-CSharp.Example.csproj", "{B311DCE4-3D37-478D-8E52-4B6DE3C462D4}"
EndProject
Project("{FAE04EC0-301F-11D3-BF4B-00C04F79EFBC}") = "WeatherAPI-CSharp.Tests", "WeatherAPI-CSharp.Tests\WeatherAPI-CSharp.Tests.csproj", "{9F9A46DF-C2C0-4650-8E84-22A38BBA1325}"
EndProject
Global
	GlobalSection(SolutionConfigurationPlatforms) = preSolution
		Debug|Any CPU = Debug|Any CPU
		Release|Any CPU = Release|Any CPU
	EndGlobalSection
	GlobalSection(SolutionProperties) = preSolution
		HideSolutionNode = FALSE
	EndGlobalSection
	GlobalSection(ProjectConfigurationPlatforms) = postSolution
		{3B3BF9CF-4967-4962-85F6-485DF68FFB9D}.Debug|Any CPU.ActiveCfg = Debug|Any CPU
		{3B3BF9CF-4967-4962-85F6-485DF68FFB9D}.Debug|Any CPU.Build.0 = Debug|Any CPU
		{3B3BF9CF-4967-4962-85F6-485DF68FFB9D}.Release|Any CPU.ActiveCfg = Release|Any CPU
		{3B3BF9CF-4967-4962-85F6-485DF68FFB9D}.Release|Any CPU.Build.0 = Release|Any CPU
		{B311DCE4-3D37-478D-8E52-4B6DE3C462D4}.Debug|Any CPU.ActiveCfg = Debug|Any CPU
		{B311DCE4-3D37-478D-8E52-4B6DE3C462D4}.Debug|Any CPU.Build.0 = Debug|Any CPU
		{B311DCE4-3D37-478D-8E52-4B6DE3C462D4}.Release|Any CPU.ActiveCfg = Release|Any CPU
		{B311DCE4-3D37-478D-8E52-4B6DE3C462D4}.Release|Any CPU.Build.0 = Release|Any CPU
		{9F9A46DF-C2C0-4650-8E84-22A38BBA1325}.Debug|Any CPU.ActiveCfg = Debug|Any CPU
		{9F9A46DF-C2C0-4650-8E84-22A38BBA1325}.Debug|Any CPU.Build.0 = Debug|Any CPU
		{9F9A46DF-C2C0-4650-8E84-22A38BBA1325}.Release|Any CPU.ActiveCfg = Release|Any CPU
		{9F9A46DF-C2C0-4650-8E84-22A38BBA1325}.Release|Any CPU.Build.0 = Release|Any CPU
	EndGlobalSection
EndGlobal
